
Microsoft Visual Studio Solution File, Format Version 12.00
# Visual Studio Version 17
VisualStudioVersion = 17.13.35931.197 d17.13
MinimumVisualStudioVersion = 10.0.40219.1
Project("{FAE04EC0-301F-11D3-BF4B-00C04F79EFBC}") = "Leave_Application", "Leave_Application\Leave_Application.csproj", "{8052B0FE-33CD-49F8-A66D-FC078AD99155}"
EndProject
Global
	GlobalSection(SolutionConfigurationPlatforms) = preSolution
		Debug|Any CPU = Debug|Any CPU
		Release|Any CPU = Release|Any CPU
	EndGlobalSection
	GlobalSection(ProjectConfigurationPlatforms) = postSolution
		{8052B0FE-33CD-49F8-A66D-FC078AD99155}.Debug|Any CPU.ActiveCfg = Debug|Any CPU
		{8052B0FE-33CD-49F8-A66D-FC078AD99155}.Debug|Any CPU.Build.0 = Debug|Any CPU
		{8052B0FE-33CD-49F8-A66D-FC078AD99155}.Release|Any CPU.ActiveCfg = Release|Any CPU
		{8052B0FE-33CD-49F8-A66D-FC078AD99155}.Release|Any CPU.Build.0 = Release|Any CPU
	EndGlobalSection
	GlobalSection(SolutionProperties) = preSolution
		HideSolutionNode = FALSE
	EndGlobalSection
	GlobalSection(ExtensibilityGlobals) = postSolution
		SolutionGuid = {92713374-BAC7-4A72-9F54-B00CEFFA872D}
	EndGlobalSection
EndGlobal
